
Microsoft Visual Studio Solution File, Format Version 12.00
# Visual Studio Version 17
VisualStudioVersion = 17.3.32929.385
MinimumVisualStudioVersion = 10.0.40219.1
Project("{FAE04EC0-301F-11D3-BF4B-00C04F79EFBC}") = "Скоропечатание", "Скоропечатание.csproj", "{8B4E021C-0DA1-43D1-94CB-16A80C88570B}"
EndProject
Global
	GlobalSection(SolutionConfigurationPlatforms) = preSolution
		Debug|Any CPU = Debug|Any CPU
		Release|Any CPU = Release|Any CPU
	EndGlobalSection
	GlobalSection(ProjectConfigurationPlatforms) = postSolution
		{8B4E021C-0DA1-43D1-94CB-16A80C88570B}.Debug|Any CPU.ActiveCfg = Debug|Any CPU
		{8B4E021C-0DA1-43D1-94CB-16A80C88570B}.Debug|Any CPU.Build.0 = Debug|Any CPU
		{8B4E021C-0DA1-43D1-94CB-16A80C88570B}.Release|Any CPU.ActiveCfg = Release|Any CPU
		{8B4E021C-0DA1-43D1-94CB-16A80C88570B}.Release|Any CPU.Build.0 = Release|Any CPU
	EndGlobalSection
	GlobalSection(SolutionProperties) = preSolution
		HideSolutionNode = FALSE
	EndGlobalSection
	GlobalSection(ExtensibilityGlobals) = postSolution
		SolutionGuid = {B41CD180-0D31-40BF-BF64-0D10C3795916}
	EndGlobalSection
EndGlobal
